
Microsoft Visual Studio Solution File, Format Version 12.00
# Visual Studio Version 17
VisualStudioVersion = 17.1.32228.430
MinimumVisualStudioVersion = 10.0.40219.1
Project("{9A19103F-16F7-4668-BE54-9A1E7A4F7556}") = "Wpf_Lab1_v3", "Wpf_Lab1_v3\Wpf_Lab1_v3.csproj", "{2CD367E3-0D47-4EF2-8B2E-B6CCF1A5648E}"
EndProject
Project("{FAE04EC0-301F-11D3-BF4B-00C04F79EFBC}") = "DataLibrary", "DataLibrary\DataLibrary.csproj", "{39058AA9-AE32-4C31-8320-C788A7F01C3A}"
EndProject
Project("{8BC9CEB8-8B4A-11D0-8D11-00A0C91BC942}") = "CPP_DLL", "CPP_DLL\CPP_DLL.vcxproj", "{BE330511-C7D9-40C3-9C16-92E5ECECEC0E}"
EndProject
Global
	GlobalSection(SolutionConfigurationPlatforms) = preSolution
		Debug|Any CPU = Debug|Any CPU
		Debug|x64 = Debug|x64
		Debug|x86 = Debug|x86
		Release|Any CPU = Release|Any CPU
		Release|x64 = Release|x64
		Release|x86 = Release|x86
	EndGlobalSection
	GlobalSection(ProjectConfigurationPlatforms) = postSolution
		{2CD367E3-0D47-4EF2-8B2E-B6CCF1A5648E}.Debug|Any CPU.ActiveCfg = Debug|Any CPU
		{2CD367E3-0D47-4EF2-8B2E-B6CCF1A5648E}.Debug|Any CPU.Build.0 = Debug|Any CPU
		{2CD367E3-0D47-4EF2-8B2E-B6CCF1A5648E}.Debug|x64.ActiveCfg = Debug|Any CPU
		{2CD367E3-0D47-4EF2-8B2E-B6CCF1A5648E}.Debug|x64.Build.0 = Debug|Any CPU
		{2CD367E3-0D47-4EF2-8B2E-B6CCF1A5648E}.Debug|x86.ActiveCfg = Debug|Any CPU
		{2CD367E3-0D47-4EF2-8B2E-B6CCF1A5648E}.Debug|x86.Build.0 = Debug|Any CPU
		{2CD367E3-0D47-4EF2-8B2E-B6CCF1A5648E}.Release|Any CPU.ActiveCfg = Release|Any CPU
		{2CD367E3-0D47-4EF2-8B2E-B6CCF1A5648E}.Release|Any CPU.Build.0 = Release|Any CPU
		{2CD367E3-0D47-4EF2-8B2E-B6CCF1A5648E}.Release|x64.ActiveCfg = Release|Any CPU
		{2CD367E3-0D47-4EF2-8B2E-B6CCF1A5648E}.Release|x64.Build.0 = Release|Any CPU
		{2CD367E3-0D47-4EF2-8B2E-B6CCF1A5648E}.Release|x86.ActiveCfg = Release|Any CPU
		{2CD367E3-0D47-4EF2-8B2E-B6CCF1A5648E}.Release|x86.Build.0 = Release|Any CPU
		{39058AA9-AE32-4C31-8320-C788A7F01C3A}.Debug|Any CPU.ActiveCfg = Debug|Any CPU
		{39058AA9-AE32-4C31-8320-C788A7F01C3A}.Debug|Any CPU.Build.0 = Debug|Any CPU
		{39058AA9-AE32-4C31-8320-C788A7F01C3A}.Debug|x64.ActiveCfg = Debug|Any CPU
		{39058AA9-AE32-4C31-8320-C788A7F01C3A}.Debug|x64.Build.0 = Debug|Any CPU
		{39058AA9-AE32-4C31-8320-C788A7F01C3A}.Debug|x86.ActiveCfg = Debug|Any CPU
		{39058AA9-AE32-4C31-8320-C788A7F01C3A}.Debug|x86.Build.0 = Debug|Any CPU
		{39058AA9-AE32-4C31-8320-C788A7F01C3A}.Release|Any CPU.ActiveCfg = Release|Any CPU
		{39058AA9-AE32-4C31-8320-C788A7F01C3A}.Release|Any CPU.Build.0 = Release|Any CPU
		{39058AA9-AE32-4C31-8320-C788A7F01C3A}.Release|x64.ActiveCfg = Release|Any CPU
		{39058AA9-AE32-4C31-8320-C788A7F01C3A}.Release|x64.Build.0 = Release|Any CPU
		{39058AA9-AE32-4C31-8320-C788A7F01C3A}.Release|x86.ActiveCfg = Release|Any CPU
		{39058AA9-AE32-4C31-8320-C788A7F01C3A}.Release|x86.Build.0 = Release|Any CPU
		{BE330511-C7D9-40C3-9C16-92E5ECECEC0E}.Debug|Any CPU.ActiveCfg = Debug|x64
		{BE330511-C7D9-40C3-9C16-92E5ECECEC0E}.Debug|Any CPU.Build.0 = Debug|x64
		{BE330511-C7D9-40C3-9C16-92E5ECECEC0E}.Debug|x64.ActiveCfg = Debug|x64
		{BE330511-C7D9-40C3-9C16-92E5ECECEC0E}.Debug|x64.Build.0 = Debug|x64
		{BE330511-C7D9-40C3-9C16-92E5ECECEC0E}.Debug|x86.ActiveCfg = Debug|Win32
		{BE330511-C7D9-40C3-9C16-92E5ECECEC0E}.Debug|x86.Build.0 = Debug|Win32
		{BE330511-C7D9-40C3-9C16-92E5ECECEC0E}.Release|Any CPU.ActiveCfg = Release|x64
		{BE330511-C7D9-40C3-9C16-92E5ECECEC0E}.Release|Any CPU.Build.0 = Release|x64
		{BE330511-C7D9-40C3-9C16-92E5ECECEC0E}.Release|x64.ActiveCfg = Release|x64
		{BE330511-C7D9-40C3-9C16-92E5ECECEC0E}.Release|x64.Build.0 = Release|x64
		{BE330511-C7D9-40C3-9C16-92E5ECECEC0E}.Release|x86.ActiveCfg = Release|Win32
		{BE330511-C7D9-40C3-9C16-92E5ECECEC0E}.Release|x86.Build.0 = Release|Win32
	EndGlobalSection
	GlobalSection(SolutionProperties) = preSolution
		HideSolutionNode = FALSE
	EndGlobalSection
	GlobalSection(ExtensibilityGlobals) = postSolution
		SolutionGuid = {437947A3-1A91-4DE9-858C-55DA8297EAF3}
	EndGlobalSection
EndGlobal
